
Microsoft Visual Studio Solution File, Format Version 12.00
# Visual Studio Version 16
VisualStudioVersion = 16.0.31019.35
MinimumVisualStudioVersion = 10.0.40219.1
Project("{FAE04EC0-301F-11D3-BF4B-00C04F79EFBC}") = "PMRL", "PMRL\PMRL.csproj", "{88DCB77C-4FD9-41A5-B83C-CFA5717ACA2A}"
EndProject
Global
	GlobalSection(SolutionConfigurationPlatforms) = preSolution
		Debug|Any CPU = Debug|Any CPU
		Release|Any CPU = Release|Any CPU
	EndGlobalSection
	GlobalSection(ProjectConfigurationPlatforms) = postSolution
		{88DCB77C-4FD9-41A5-B83C-CFA5717ACA2A}.Debug|Any CPU.ActiveCfg = Debug|Any CPU
		{88DCB77C-4FD9-41A5-B83C-CFA5717ACA2A}.Debug|Any CPU.Build.0 = Debug|Any CPU
		{88DCB77C-4FD9-41A5-B83C-CFA5717ACA2A}.Release|Any CPU.ActiveCfg = Release|Any CPU
		{88DCB77C-4FD9-41A5-B83C-CFA5717ACA2A}.Release|Any CPU.Build.0 = Release|Any CPU
	EndGlobalSection
	GlobalSection(SolutionProperties) = preSolution
		HideSolutionNode = FALSE
	EndGlobalSection
	GlobalSection(ExtensibilityGlobals) = postSolution
		SolutionGuid = {A15D72F2-7BA4-43C8-980F-5DDE3224E283}
	EndGlobalSection
EndGlobal
